
Microsoft Visual Studio Solution File, Format Version 12.00
# Visual Studio Version 16
VisualStudioVersion = 16.0.31313.79
MinimumVisualStudioVersion = 10.0.40219.1
Project("{FAE04EC0-301F-11D3-BF4B-00C04F79EFBC}") = "wpfLogin", "wpfLogin\wpfLogin.csproj", "{AD667CB9-06F9-4048-96B0-658D2BA56AD9}"
EndProject
Global
	GlobalSection(SolutionConfigurationPlatforms) = preSolution
		Debug|Any CPU = Debug|Any CPU
		Release|Any CPU = Release|Any CPU
	EndGlobalSection
	GlobalSection(ProjectConfigurationPlatforms) = postSolution
		{AD667CB9-06F9-4048-96B0-658D2BA56AD9}.Debug|Any CPU.ActiveCfg = Debug|Any CPU
		{AD667CB9-06F9-4048-96B0-658D2BA56AD9}.Debug|Any CPU.Build.0 = Debug|Any CPU
		{AD667CB9-06F9-4048-96B0-658D2BA56AD9}.Release|Any CPU.ActiveCfg = Release|Any CPU
		{AD667CB9-06F9-4048-96B0-658D2BA56AD9}.Release|Any CPU.Build.0 = Release|Any CPU
	EndGlobalSection
	GlobalSection(SolutionProperties) = preSolution
		HideSolutionNode = FALSE
	EndGlobalSection
	GlobalSection(ExtensibilityGlobals) = postSolution
		SolutionGuid = {390AE862-5A75-48CE-9D30-E8DB75E2D8A9}
	EndGlobalSection
EndGlobal
